
Microsoft Visual Studio Solution File, Format Version 12.00
# Visual Studio Version 16
VisualStudioVersion = 16.0.30114.105
MinimumVisualStudioVersion = 10.0.40219.1
Project("{9A19103F-16F7-4668-BE54-9A1E7A4F7556}") = "gankdev-api", "gankdev-api.csproj", "{1C746043-B884-437E-A867-AA9F5A4C8F17}"
EndProject
Global
	GlobalSection(SolutionConfigurationPlatforms) = preSolution
		Debug|Any CPU = Debug|Any CPU
		Debug|x64 = Debug|x64
		Debug|x86 = Debug|x86
		Release|Any CPU = Release|Any CPU
		Release|x64 = Release|x64
		Release|x86 = Release|x86
	EndGlobalSection
	GlobalSection(ProjectConfigurationPlatforms) = postSolution
		{1C746043-B884-437E-A867-AA9F5A4C8F17}.Debug|Any CPU.ActiveCfg = Debug|Any CPU
		{1C746043-B884-437E-A867-AA9F5A4C8F17}.Debug|Any CPU.Build.0 = Debug|Any CPU
		{1C746043-B884-437E-A867-AA9F5A4C8F17}.Debug|x64.ActiveCfg = Debug|Any CPU
		{1C746043-B884-437E-A867-AA9F5A4C8F17}.Debug|x64.Build.0 = Debug|Any CPU
		{1C746043-B884-437E-A867-AA9F5A4C8F17}.Debug|x86.ActiveCfg = Debug|Any CPU
		{1C746043-B884-437E-A867-AA9F5A4C8F17}.Debug|x86.Build.0 = Debug|Any CPU
		{1C746043-B884-437E-A867-AA9F5A4C8F17}.Release|Any CPU.ActiveCfg = Release|Any CPU
		{1C746043-B884-437E-A867-AA9F5A4C8F17}.Release|Any CPU.Build.0 = Release|Any CPU
		{1C746043-B884-437E-A867-AA9F5A4C8F17}.Release|x64.ActiveCfg = Release|Any CPU
		{1C746043-B884-437E-A867-AA9F5A4C8F17}.Release|x64.Build.0 = Release|Any CPU
		{1C746043-B884-437E-A867-AA9F5A4C8F17}.Release|x86.ActiveCfg = Release|Any CPU
		{1C746043-B884-437E-A867-AA9F5A4C8F17}.Release|x86.Build.0 = Release|Any CPU
	EndGlobalSection
	GlobalSection(SolutionProperties) = preSolution
		HideSolutionNode = FALSE
	EndGlobalSection
	GlobalSection(ExtensibilityGlobals) = postSolution
		SolutionGuid = {70E53B93-46D3-4CAD-A1F4-F55D6D06CBE1}
	EndGlobalSection
EndGlobal
